github.com/coreos/go-systemd v0.0.0-20181031085051-9002847aa142 h1:3jFq2xL4ZajGK4aZY8jz+DAF0FHjI51BXjjSwCzS1Dk=
github.com/coreos/go-systemd v0.0.0-20181031085051-9002847aa142/go.mod h1:F5haX7vjVVG0kc13fIWeqUViNPyEJxv/OmvnBo0Yme4=
github.com/davecgh/go-spew v1.1.0/go.mod h1:J7Y8YcW2NihsgmVo/mv3lAwl/skON4iLHjSsI+c5H38=
github.com/gorilla/context v1.1.1 h1:AWwleXJkX/nhcU9bZSnZoi3h/qGYqQAGhq6zZe/aQW8=
github.com/gorilla/context v1.1.1/go.mod h1:kBGZzfjB9CEq2AlWe17Uuf7NDRt0dE0s8S51q0aT7Yg=
github.com/gorilla/securecookie v1.1.1 h1:miw7JPhV+b/lAHSXz4qd/nN9jRiAFV5FwjeKyCS8BvQ=
github.com/gorilla/securecookie v1.1.1/go.mod h1:ra0sb63/xPlUeL+yeDciTfxMRAA+MP+HVt/4epWDjd4=
github.com/gorilla/sessions v1.1.3 h1:uXoZdcdA5XdXF3QzuSlheVRUvjl+1rKY7zBXL68L9RU=
github.com/gorilla/sessions v1.1.3/go.mod h1:8KCfur6+4Mqcc6S0FEfKuN15Vl5MgXW92AE8ovaJD0w=
github.com/mattn/go-sqlite3 v1.14.4 h1:4rQjbDxdu9fSgI/r3KN72G3c2goxknAqHHgPWWs8UlI=
github.com/mattn/go-sqlite3 v1.14.4/go.mod h1:WVKg1VTActs4Qso6iwGbiFih2UIHo0ENGwNd0Lj+XmI=
github.com/peterhellberg/link v1.0.0/go.mod h1:gtSlOT4jmkY8P47hbTc8PTgiDDWpdPbFYl75keYyBB8=
github.com/pmezard/go-difflib v1.0.0/go.mod h1:iKH77koFhYxTK1pcRnkKkqfTogsbg7gZNVY4sRDYZ/4=
github.com/stretchr/objx v0.1.0/go.mod h1:HFkY916IF+rwdDfMAkV7OtwuqBVzrE8GR6GFx+wExME=
github.com/stretchr/testify v1.4.0/go.mod h1:j7eGeouHqKxXV5pUuKE4zz7dFj8WfuZ+81PSLYec5m4=
golang.org/x/net v0.0.0-20190213061140-3a22650c66bd h1:HuTn7WObtcDo9uEEU7rEqL0jYthdXAmZ6PP+meazmaU=
golang.org/x/net v0.0.0-20190213061140-3a22650c66bd/go.mod h1:mL1N/T3taQHkDXs73rZJwtUhF3w3ftmwwsq0BUmARs4=
gopkg.in/check.v1 v0.0.0-20161208181325-20d25e280405/go.mod h1:Co6ibVJAznAaIkqp8huTwlJQCZ016jof/cbN4VW5Yz0=
gopkg.in/yaml.v2 v2.2.2/go.mod h1:hI93XBmqTisBFMUTm0b8Fm+jr3Dg1NNxqwp+5A1VGuI=
hawx.me/code/assert v0.0.0-20150803185601-4570da094475 h1:Bj8b81kYHaxzLu9dRxyRKrmZTujQzD5ccWkUTHUdpBg=
hawx.me/code/assert v0.0.0-20150803185601-4570da094475/go.mod h1:T9mMMImeViZqsnBMFwbc0TbTlDb+bwAPF0PUJpjam6s=
hawx.me/code/indieauth v1.0.1 h1:QkwWqTXDPlPZ7d8TgtvL8TTkg+CLNokb+/X1pk8uzu0=
hawx.me/code/indieauth v1.0.1/go.mod h1:TYTLWey93ZhIFiHX/lqIlf2s5ADBsR4uVDcEK70/6wc=
hawx.me/code/mux v0.0.0-20200114141251-90c3d0ef8fe2 h1:4Ng7wj7qy4n5d0zS7pfeZoegnZQsoHRGEMxXZ0+U0bQ=
hawx.me/code/mux v0.0.0-20200114141251-90c3d0ef8fe2/go.mod h1:BPhrLgBX+HyDtXiPXvyxbrYt5zpVEeSH2WgUD3XxCl4=
hawx.me/code/serve v0.0.0-20190207181551-eb94630184cf h1:8rHeLEfK+pyTPkL/kH5THN2HgtfbuMeHnnneMFijo3Y=
hawx.me/code/serve v0.0.0-20190207181551-eb94630184cf/go.mod h1:3Nhu3uATqipwDDYpeaS/SEIBvC2vbO0hdqYmHffpwRU=
